
Microsoft Visual Studio Solution File, Format Version 12.00
# Visual Studio Version 17
VisualStudioVersion = 17.0.32126.317
MinimumVisualStudioVersion = 10.0.40219.1
Project("{2150E333-8FDC-42A3-9474-1A3956D46DE8}") = "src", "src", "{FFE215CC-4C7C-48B5-AA45-EE0FD837FBF7}"
EndProject
Project("{2150E333-8FDC-42A3-9474-1A3956D46DE8}") = "docs", "docs", "{D3B90EA8-D072-4B3A-B74B-26FA3051AD07}"
	ProjectSection(SolutionItems) = preProject
		docs\how to run.txt = docs\how to run.txt
		docs\structure and assumptions.txt = docs\structure and assumptions.txt
	EndProjectSection
EndProject
Project("{2150E333-8FDC-42A3-9474-1A3956D46DE8}") = "deploy", "deploy", "{EA0B5A00-D6DE-4FD8-BC8E-3894C35CD857}"
EndProject
Project("{2150E333-8FDC-42A3-9474-1A3956D46DE8}") = "BankProxy", "BankProxy", "{D7CB6E3B-C365-4744-8FD5-2C8E80A7D046}"
EndProject
Project("{2150E333-8FDC-42A3-9474-1A3956D46DE8}") = "Common", "Common", "{3E005210-8E59-44E1-B83D-8DA6AC16AE74}"
EndProject
Project("{2150E333-8FDC-42A3-9474-1A3956D46DE8}") = "MerchantPayment", "MerchantPayment", "{7E7EE7DA-B1D3-44FB-94D0-8910444F5B36}"
EndProject
Project("{9A19103F-16F7-4668-BE54-9A1E7A4F7556}") = "BankProxy.API", "src\BankProxy\BankProxy.API\BankProxy.API.csproj", "{B76AA08E-6112-43F7-84EC-5E6EFF6EAF3B}"
EndProject
Project("{9A19103F-16F7-4668-BE54-9A1E7A4F7556}") = "BankProxy.API.UnitTest", "src\BankProxy\BankProxy.API.UnitTest\BankProxy.API.UnitTest.csproj", "{997560FA-F137-4FF3-97C7-130110FB2554}"
EndProject
Project("{9A19103F-16F7-4668-BE54-9A1E7A4F7556}") = "MerchantPayment.API", "src\MerchantPayment\MerchantPayment.API\MerchantPayment.API.csproj", "{90A1F0B7-DB68-496E-9051-6E96E9797BE3}"
EndProject
Project("{9A19103F-16F7-4668-BE54-9A1E7A4F7556}") = "MerchantPayment.API.UnitTests", "src\MerchantPayment\MerchantPayment.API.UnitTests\MerchantPayment.API.UnitTests.csproj", "{36DC9A90-4FD0-4184-8EF3-F1430DD83681}"
EndProject
Project("{9A19103F-16F7-4668-BE54-9A1E7A4F7556}") = "EventBus", "src\Common\EventBus.csproj", "{AC1F6472-B92F-40E6-BF33-2F6FA81FDB89}"
EndProject
Project("{2150E333-8FDC-42A3-9474-1A3956D46DE8}") = "dapr", "dapr", "{CCFA16F9-E8C0-4D23-B3CC-BDEF6FEB092F}"
	ProjectSection(SolutionItems) = preProject
		deploy\dapr\payment-pubsub.yaml = deploy\dapr\payment-pubsub.yaml
		deploy\dapr\payment-secrets.json = deploy\dapr\payment-secrets.json
		deploy\dapr\payment-secretstore.yaml = deploy\dapr\payment-secretstore.yaml
		deploy\dapr\payment-statestore.yaml = deploy\dapr\payment-statestore.yaml
	EndProjectSection
EndProject
Project("{2150E333-8FDC-42A3-9474-1A3956D46DE8}") = "helm", "helm", "{FA41E19F-CA0C-4D19-9969-81FDB6F37DE4}"
	ProjectSection(SolutionItems) = preProject
		deploy\helm\Chart.yaml = deploy\helm\Chart.yaml
		deploy\helm\values.yaml = deploy\helm\values.yaml
	EndProjectSection
EndProject
Project("{2150E333-8FDC-42A3-9474-1A3956D46DE8}") = "templates", "templates", "{094C9FE4-2A18-455D-91B5-8311F75CE8D6}"
	ProjectSection(SolutionItems) = preProject
		deploy\helm\templates\apigateway.yaml = deploy\helm\templates\apigateway.yaml
		deploy\helm\templates\bank-proxy.yaml = deploy\helm\templates\bank-proxy.yaml
		deploy\helm\templates\dapr-config.yaml = deploy\helm\templates\dapr-config.yaml
		deploy\helm\templates\dapr-pubsub.yaml = deploy\helm\templates\dapr-pubsub.yaml
		deploy\helm\templates\dapr-secrets.yaml = deploy\helm\templates\dapr-secrets.yaml
		deploy\helm\templates\dapr-state.yaml = deploy\helm\templates\dapr-state.yaml
		deploy\helm\templates\merchant-payment.yaml = deploy\helm\templates\merchant-payment.yaml
		deploy\helm\templates\namespace.yaml = deploy\helm\templates\namespace.yaml
		deploy\helm\templates\redis.yaml = deploy\helm\templates\redis.yaml
		deploy\helm\templates\secrets.yaml = deploy\helm\templates\secrets.yaml
		deploy\helm\templates\zipkin.yaml = deploy\helm\templates\zipkin.yaml
	EndProjectSection
EndProject
Project("{2150E333-8FDC-42A3-9474-1A3956D46DE8}") = "tst", "tst", "{14178C7B-3F2E-483A-8B13-510FE7870945}"
EndProject
Project("{FAE04EC0-301F-11D3-BF4B-00C04F79EFBC}") = "tst", "tst\tst.csproj", "{9DAB2FB0-9CB3-4536-9B9A-E47CDF8F46FB}"
EndProject
Global
	GlobalSection(SolutionConfigurationPlatforms) = preSolution
		Debug|Any CPU = Debug|Any CPU
		Release|Any CPU = Release|Any CPU
	EndGlobalSection
	GlobalSection(ProjectConfigurationPlatforms) = postSolution
		{B76AA08E-6112-43F7-84EC-5E6EFF6EAF3B}.Debug|Any CPU.ActiveCfg = Debug|Any CPU
		{B76AA08E-6112-43F7-84EC-5E6EFF6EAF3B}.Debug|Any CPU.Build.0 = Debug|Any CPU
		{B76AA08E-6112-43F7-84EC-5E6EFF6EAF3B}.Release|Any CPU.ActiveCfg = Release|Any CPU
		{B76AA08E-6112-43F7-84EC-5E6EFF6EAF3B}.Release|Any CPU.Build.0 = Release|Any CPU
		{997560FA-F137-4FF3-97C7-130110FB2554}.Debug|Any CPU.ActiveCfg = Debug|Any CPU
		{997560FA-F137-4FF3-97C7-130110FB2554}.Debug|Any CPU.Build.0 = Debug|Any CPU
		{997560FA-F137-4FF3-97C7-130110FB2554}.Release|Any CPU.ActiveCfg = Release|Any CPU
		{997560FA-F137-4FF3-97C7-130110FB2554}.Release|Any CPU.Build.0 = Release|Any CPU
		{90A1F0B7-DB68-496E-9051-6E96E9797BE3}.Debug|Any CPU.ActiveCfg = Debug|Any CPU
		{90A1F0B7-DB68-496E-9051-6E96E9797BE3}.Debug|Any CPU.Build.0 = Debug|Any CPU
		{90A1F0B7-DB68-496E-9051-6E96E9797BE3}.Release|Any CPU.ActiveCfg = Release|Any CPU
		{90A1F0B7-DB68-496E-9051-6E96E9797BE3}.Release|Any CPU.Build.0 = Release|Any CPU
		{36DC9A90-4FD0-4184-8EF3-F1430DD83681}.Debug|Any CPU.ActiveCfg = Debug|Any CPU
		{36DC9A90-4FD0-4184-8EF3-F1430DD83681}.Debug|Any CPU.Build.0 = Debug|Any CPU
		{36DC9A90-4FD0-4184-8EF3-F1430DD83681}.Release|Any CPU.ActiveCfg = Release|Any CPU
		{36DC9A90-4FD0-4184-8EF3-F1430DD83681}.Release|Any CPU.Build.0 = Release|Any CPU
		{AC1F6472-B92F-40E6-BF33-2F6FA81FDB89}.Debug|Any CPU.ActiveCfg = Debug|Any CPU
		{AC1F6472-B92F-40E6-BF33-2F6FA81FDB89}.Debug|Any CPU.Build.0 = Debug|Any CPU
		{AC1F6472-B92F-40E6-BF33-2F6FA81FDB89}.Release|Any CPU.ActiveCfg = Release|Any CPU
		{AC1F6472-B92F-40E6-BF33-2F6FA81FDB89}.Release|Any CPU.Build.0 = Release|Any CPU
		{9DAB2FB0-9CB3-4536-9B9A-E47CDF8F46FB}.Debug|Any CPU.ActiveCfg = Debug|Any CPU
		{9DAB2FB0-9CB3-4536-9B9A-E47CDF8F46FB}.Debug|Any CPU.Build.0 = Debug|Any CPU
		{9DAB2FB0-9CB3-4536-9B9A-E47CDF8F46FB}.Release|Any CPU.ActiveCfg = Release|Any CPU
		{9DAB2FB0-9CB3-4536-9B9A-E47CDF8F46FB}.Release|Any CPU.Build.0 = Release|Any CPU
	EndGlobalSection
	GlobalSection(SolutionProperties) = preSolution
		HideSolutionNode = FALSE
	EndGlobalSection
	GlobalSection(NestedProjects) = preSolution
		{D7CB6E3B-C365-4744-8FD5-2C8E80A7D046} = {FFE215CC-4C7C-48B5-AA45-EE0FD837FBF7}
		{3E005210-8E59-44E1-B83D-8DA6AC16AE74} = {FFE215CC-4C7C-48B5-AA45-EE0FD837FBF7}
		{7E7EE7DA-B1D3-44FB-94D0-8910444F5B36} = {FFE215CC-4C7C-48B5-AA45-EE0FD837FBF7}
		{B76AA08E-6112-43F7-84EC-5E6EFF6EAF3B} = {D7CB6E3B-C365-4744-8FD5-2C8E80A7D046}
		{997560FA-F137-4FF3-97C7-130110FB2554} = {D7CB6E3B-C365-4744-8FD5-2C8E80A7D046}
		{90A1F0B7-DB68-496E-9051-6E96E9797BE3} = {7E7EE7DA-B1D3-44FB-94D0-8910444F5B36}
		{36DC9A90-4FD0-4184-8EF3-F1430DD83681} = {7E7EE7DA-B1D3-44FB-94D0-8910444F5B36}
		{AC1F6472-B92F-40E6-BF33-2F6FA81FDB89} = {3E005210-8E59-44E1-B83D-8DA6AC16AE74}
		{CCFA16F9-E8C0-4D23-B3CC-BDEF6FEB092F} = {EA0B5A00-D6DE-4FD8-BC8E-3894C35CD857}
		{FA41E19F-CA0C-4D19-9969-81FDB6F37DE4} = {EA0B5A00-D6DE-4FD8-BC8E-3894C35CD857}
		{094C9FE4-2A18-455D-91B5-8311F75CE8D6} = {FA41E19F-CA0C-4D19-9969-81FDB6F37DE4}
		{14178C7B-3F2E-483A-8B13-510FE7870945} = {FFE215CC-4C7C-48B5-AA45-EE0FD837FBF7}
		{9DAB2FB0-9CB3-4536-9B9A-E47CDF8F46FB} = {14178C7B-3F2E-483A-8B13-510FE7870945}
	EndGlobalSection
	GlobalSection(ExtensibilityGlobals) = postSolution
		SolutionGuid = {E4B10D92-671C-4D18-B979-F0C33E2F6BED}
	EndGlobalSection
EndGlobal
